
Microsoft Visual Studio Solution File, Format Version 12.00
# Visual Studio Version 16
VisualStudioVersion = 16.0.30104.148
MinimumVisualStudioVersion = 10.0.40219.1
Project("{E24C65DC-7377-472B-9ABA-BC803B73C61A}") = "WebSite", "WebSite\", "{84BBE75F-2397-4C4E-B9DF-F4CB48ADFCD2}"
	ProjectSection(WebsiteProperties) = preProject
		TargetFrameworkMoniker = ".NETFramework,Version%3Dv4.8"
		ProjectReferences = "{8bf9e983-bf99-4b20-aa92-22c327f6516a}|ClassLibrary.dll;"
		Debug.AspNetCompiler.VirtualPath = "/localhost_53734"
		Debug.AspNetCompiler.PhysicalPath = "WebSite\"
		Debug.AspNetCompiler.TargetPath = "PrecompiledWeb\localhost_53734\"
		Debug.AspNetCompiler.Updateable = "true"
		Debug.AspNetCompiler.ForceOverwrite = "true"
		Debug.AspNetCompiler.FixedNames = "false"
		Debug.AspNetCompiler.Debug = "True"
		Release.AspNetCompiler.VirtualPath = "/localhost_53734"
		Release.AspNetCompiler.PhysicalPath = "WebSite\"
		Release.AspNetCompiler.TargetPath = "PrecompiledWeb\localhost_53734\"
		Release.AspNetCompiler.Updateable = "true"
		Release.AspNetCompiler.ForceOverwrite = "true"
		Release.AspNetCompiler.FixedNames = "false"
		Release.AspNetCompiler.Debug = "False"
		VWDPort = "53734"
		SlnRelativePath = "WebSite\"
		DefaultWebSiteLanguage = "Visual C#"
	EndProjectSection
EndProject
Project("{FAE04EC0-301F-11D3-BF4B-00C04F79EFBC}") = "ClassLibrary", "ClassLibrary\ClassLibrary.csproj", "{8BF9E983-BF99-4B20-AA92-22C327F6516A}"
EndProject
Global
	GlobalSection(SolutionConfigurationPlatforms) = preSolution
		Debug|Any CPU = Debug|Any CPU
		Release|Any CPU = Release|Any CPU
	EndGlobalSection
	GlobalSection(ProjectConfigurationPlatforms) = postSolution
		{84BBE75F-2397-4C4E-B9DF-F4CB48ADFCD2}.Debug|Any CPU.ActiveCfg = Debug|Any CPU
		{84BBE75F-2397-4C4E-B9DF-F4CB48ADFCD2}.Debug|Any CPU.Build.0 = Debug|Any CPU
		{84BBE75F-2397-4C4E-B9DF-F4CB48ADFCD2}.Release|Any CPU.ActiveCfg = Debug|Any CPU
		{84BBE75F-2397-4C4E-B9DF-F4CB48ADFCD2}.Release|Any CPU.Build.0 = Debug|Any CPU
		{8BF9E983-BF99-4B20-AA92-22C327F6516A}.Debug|Any CPU.ActiveCfg = Debug|Any CPU
		{8BF9E983-BF99-4B20-AA92-22C327F6516A}.Debug|Any CPU.Build.0 = Debug|Any CPU
		{8BF9E983-BF99-4B20-AA92-22C327F6516A}.Release|Any CPU.ActiveCfg = Release|Any CPU
		{8BF9E983-BF99-4B20-AA92-22C327F6516A}.Release|Any CPU.Build.0 = Release|Any CPU
	EndGlobalSection
	GlobalSection(SolutionProperties) = preSolution
		HideSolutionNode = FALSE
	EndGlobalSection
	GlobalSection(ExtensibilityGlobals) = postSolution
		SolutionGuid = {BDBC6094-EB67-4870-B791-57A1BBE2A25C}
	EndGlobalSection
EndGlobal
